
Microsoft Visual Studio Solution File, Format Version 12.00
# Visual Studio 15
Project("{FAE04EC0-301F-11D3-BF4B-00C04F79EFBC}") = "Boxophobic.Utils.Scripts", "Boxophobic.Utils.Scripts.csproj", "{40EB8691-CB1C-96B1-6F30-703F1C3D6C91}"
EndProject
Project("{FAE04EC0-301F-11D3-BF4B-00C04F79EFBC}") = "Assembly-CSharp", "Assembly-CSharp.csproj", "{A92CE958-3B79-2A5F-5C60-4A126D019BF7}"
EndProject
Project("{FAE04EC0-301F-11D3-BF4B-00C04F79EFBC}") = "Boxophobic.Utils.Editor", "Boxophobic.Utils.Editor.csproj", "{6A049BB5-DCDD-F6E2-9BFB-ABFDC2A5F0D7}"
EndProject
Project("{FAE04EC0-301F-11D3-BF4B-00C04F79EFBC}") = "Boxophobic.SkyboxCubemapExtended.Editor", "Boxophobic.SkyboxCubemapExtended.Editor.csproj", "{92E75C4E-724A-DB98-1FB9-078580C8DB51}"
EndProject
Global
	GlobalSection(SolutionConfigurationPlatforms) = preSolution
		Debug|Any CPU = Debug|Any CPU
		Release|Any CPU = Release|Any CPU
	EndGlobalSection
	GlobalSection(ProjectConfigurationPlatforms) = postSolution
		{40EB8691-CB1C-96B1-6F30-703F1C3D6C91}.Debug|Any CPU.ActiveCfg = Debug|Any CPU
		{40EB8691-CB1C-96B1-6F30-703F1C3D6C91}.Debug|Any CPU.Build.0 = Debug|Any CPU
		{40EB8691-CB1C-96B1-6F30-703F1C3D6C91}.Release|Any CPU.ActiveCfg = Release|Any CPU
		{40EB8691-CB1C-96B1-6F30-703F1C3D6C91}.Release|Any CPU.Build.0 = Release|Any CPU
		{A92CE958-3B79-2A5F-5C60-4A126D019BF7}.Debug|Any CPU.ActiveCfg = Debug|Any CPU
		{A92CE958-3B79-2A5F-5C60-4A126D019BF7}.Debug|Any CPU.Build.0 = Debug|Any CPU
		{A92CE958-3B79-2A5F-5C60-4A126D019BF7}.Release|Any CPU.ActiveCfg = Release|Any CPU
		{A92CE958-3B79-2A5F-5C60-4A126D019BF7}.Release|Any CPU.Build.0 = Release|Any CPU
		{6A049BB5-DCDD-F6E2-9BFB-ABFDC2A5F0D7}.Debug|Any CPU.ActiveCfg = Debug|Any CPU
		{6A049BB5-DCDD-F6E2-9BFB-ABFDC2A5F0D7}.Debug|Any CPU.Build.0 = Debug|Any CPU
		{6A049BB5-DCDD-F6E2-9BFB-ABFDC2A5F0D7}.Release|Any CPU.ActiveCfg = Release|Any CPU
		{6A049BB5-DCDD-F6E2-9BFB-ABFDC2A5F0D7}.Release|Any CPU.Build.0 = Release|Any CPU
		{92E75C4E-724A-DB98-1FB9-078580C8DB51}.Debug|Any CPU.ActiveCfg = Debug|Any CPU
		{92E75C4E-724A-DB98-1FB9-078580C8DB51}.Debug|Any CPU.Build.0 = Debug|Any CPU
		{92E75C4E-724A-DB98-1FB9-078580C8DB51}.Release|Any CPU.ActiveCfg = Release|Any CPU
		{92E75C4E-724A-DB98-1FB9-078580C8DB51}.Release|Any CPU.Build.0 = Release|Any CPU
	EndGlobalSection
	GlobalSection(SolutionProperties) = preSolution
		HideSolutionNode = FALSE
	EndGlobalSection
EndGlobal
