
Microsoft Visual Studio Solution File, Format Version 12.00
# Visual Studio 15
Project("{FAE04EC0-301F-11D3-BF4B-00C04F79EFBC}") = "UnityEngine.TestRunner", "UnityEngine.TestRunner.csproj", "{E14A51C1-8901-4021-7774-ABB452ECC132}"
EndProject
Project("{FAE04EC0-301F-11D3-BF4B-00C04F79EFBC}") = "UnityEngine.UI", "UnityEngine.UI.csproj", "{761919E9-8BED-17D9-F30C-BE8BF0EBA4FC}"
EndProject
Project("{FAE04EC0-301F-11D3-BF4B-00C04F79EFBC}") = "Unity.Timeline", "Unity.Timeline.csproj", "{845982B0-C3CC-C347-F0AA-BA244557155B}"
EndProject
Project("{FAE04EC0-301F-11D3-BF4B-00C04F79EFBC}") = "Unity.ProBuilder", "Unity.ProBuilder.csproj", "{4F18EDB5-370C-2B43-60F4-66DFAB3C5D63}"
EndProject
Project("{FAE04EC0-301F-11D3-BF4B-00C04F79EFBC}") = "Unity.Postprocessing.Runtime", "Unity.Postprocessing.Runtime.csproj", "{94961E41-2E85-01A3-0743-D2292D9C6021}"
EndProject
Project("{FAE04EC0-301F-11D3-BF4B-00C04F79EFBC}") = "Cinemachine", "Cinemachine.csproj", "{088C6595-7BE8-9253-4B03-3AE6EF287169}"
EndProject
Project("{FAE04EC0-301F-11D3-BF4B-00C04F79EFBC}") = "Unity.TextMeshPro", "Unity.TextMeshPro.csproj", "{893CB89C-4C94-DF10-5B97-6884BF14B8E1}"
EndProject
Project("{FAE04EC0-301F-11D3-BF4B-00C04F79EFBC}") = "Unity.ProBuilder.Poly2Tri", "Unity.ProBuilder.Poly2Tri.csproj", "{163CF5E2-64F9-F07E-086E-E865A308E102}"
EndProject
Project("{FAE04EC0-301F-11D3-BF4B-00C04F79EFBC}") = "Boxophobic.Utils.Scripts", "Boxophobic.Utils.Scripts.csproj", "{AA4C94A8-EF3A-3FD0-B0D7-034C855ED62D}"
EndProject
Project("{FAE04EC0-301F-11D3-BF4B-00C04F79EFBC}") = "Assembly-CSharp", "Assembly-CSharp.csproj", "{1825FF23-C239-C2CD-CE8E-A6614DCADBB4}"
EndProject
Project("{FAE04EC0-301F-11D3-BF4B-00C04F79EFBC}") = "Unity.ProGrids", "Unity.ProGrids.csproj", "{41E538EB-2510-B0F5-2392-113B64C2FF08}"
EndProject
Project("{FAE04EC0-301F-11D3-BF4B-00C04F79EFBC}") = "Unity.ProBuilder.Csg", "Unity.ProBuilder.Csg.csproj", "{AF31E297-CBE8-C9A8-DC7D-B155A7AD4EC7}"
EndProject
Project("{FAE04EC0-301F-11D3-BF4B-00C04F79EFBC}") = "Unity.ProBuilder.KdTree", "Unity.ProBuilder.KdTree.csproj", "{2044444C-63A4-78B1-5A5F-2B028E838DBD}"
EndProject
Project("{FAE04EC0-301F-11D3-BF4B-00C04F79EFBC}") = "Unity.ProBuilder.Stl", "Unity.ProBuilder.Stl.csproj", "{DFFFC20C-1806-9497-7120-CC6305A0C504}"
EndProject
Project("{FAE04EC0-301F-11D3-BF4B-00C04F79EFBC}") = "UnityEditor.TestRunner", "UnityEditor.TestRunner.csproj", "{C42AC8B1-B08D-DC3E-7FB5-6BEF74E04759}"
EndProject
Project("{FAE04EC0-301F-11D3-BF4B-00C04F79EFBC}") = "Unity.ProBuilder.Editor", "Unity.ProBuilder.Editor.csproj", "{F91B1974-164C-3553-87C1-36FF1620F59A}"
EndProject
Project("{FAE04EC0-301F-11D3-BF4B-00C04F79EFBC}") = "Unity.PlasticSCM.Editor", "Unity.PlasticSCM.Editor.csproj", "{EE334231-1E55-F06D-6847-B07F90A848AC}"
EndProject
Project("{FAE04EC0-301F-11D3-BF4B-00C04F79EFBC}") = "UnityEditor.UI", "UnityEditor.UI.csproj", "{5ED70231-B35F-1D82-E02D-524F04BC660E}"
EndProject
Project("{FAE04EC0-301F-11D3-BF4B-00C04F79EFBC}") = "Unity.Timeline.Editor", "Unity.Timeline.Editor.csproj", "{4E90C2E0-8E19-6605-B227-6675DF0EAEC8}"
EndProject
Project("{FAE04EC0-301F-11D3-BF4B-00C04F79EFBC}") = "Unity.VisualStudio.Editor", "Unity.VisualStudio.Editor.csproj", "{60EF4B04-B47A-3D8C-97DB-27264B2261E0}"
EndProject
Project("{FAE04EC0-301F-11D3-BF4B-00C04F79EFBC}") = "com.unity.cinemachine.editor", "com.unity.cinemachine.editor.csproj", "{A88A47F5-CD18-0BC1-D145-DD2A1B844DEE}"
EndProject
Project("{FAE04EC0-301F-11D3-BF4B-00C04F79EFBC}") = "Unity.TextMeshPro.Editor", "Unity.TextMeshPro.Editor.csproj", "{624C7033-AD04-9708-B595-5B1751949B67}"
EndProject
Project("{FAE04EC0-301F-11D3-BF4B-00C04F79EFBC}") = "Unity.Postprocessing.Editor", "Unity.Postprocessing.Editor.csproj", "{4ABB3538-C73E-1C5A-FB8E-E20014441987}"
EndProject
Project("{FAE04EC0-301F-11D3-BF4B-00C04F79EFBC}") = "Unity.Rider.Editor", "Unity.Rider.Editor.csproj", "{540F2DD4-7CFE-0A24-1D38-42F691497FE1}"
EndProject
Project("{FAE04EC0-301F-11D3-BF4B-00C04F79EFBC}") = "Boxophobic.Utils.Editor", "Boxophobic.Utils.Editor.csproj", "{66D3D7EC-EA4D-2C04-78BD-26A7F77D9BF2}"
EndProject
Project("{FAE04EC0-301F-11D3-BF4B-00C04F79EFBC}") = "Unity.ProGrids.Editor", "Unity.ProGrids.Editor.csproj", "{A615B719-3C30-276F-C4B3-91678148BA7E}"
EndProject
Project("{FAE04EC0-301F-11D3-BF4B-00C04F79EFBC}") = "Unity.VSCode.Editor", "Unity.VSCode.Editor.csproj", "{A614442D-0FC8-8B97-A5DF-37D06C387175}"
EndProject
Project("{FAE04EC0-301F-11D3-BF4B-00C04F79EFBC}") = "Unity.ProBuilder.AssetIdRemapUtility", "Unity.ProBuilder.AssetIdRemapUtility.csproj", "{D43480EA-BBE0-906D-CE70-61C3F430D22A}"
EndProject
Project("{FAE04EC0-301F-11D3-BF4B-00C04F79EFBC}") = "Unity.Settings.Editor", "Unity.Settings.Editor.csproj", "{FF516BE2-C706-38DE-7BB4-67ED12C13CCA}"
EndProject
Project("{FAE04EC0-301F-11D3-BF4B-00C04F79EFBC}") = "Unity.CollabProxy.Editor", "Unity.CollabProxy.Editor.csproj", "{3A450D2F-3DC6-8573-73C6-138860679F95}"
EndProject
Project("{FAE04EC0-301F-11D3-BF4B-00C04F79EFBC}") = "Boxophobic.SkyboxCubemapExtended.Editor", "Boxophobic.SkyboxCubemapExtended.Editor.csproj", "{040E5209-BB4F-0949-CE6A-739027792F49}"
EndProject
Project("{FAE04EC0-301F-11D3-BF4B-00C04F79EFBC}") = "Unity.ProBuilder.AddOns.Editor", "Unity.ProBuilder.AddOns.Editor.csproj", "{9553F22C-58AB-E9C5-7DBB-0C4AEC57E755}"
EndProject
Project("{FAE04EC0-301F-11D3-BF4B-00C04F79EFBC}") = "UnityEngine.TestRunner", "UnityEngine.TestRunner.Player.csproj", "{929A03FC-9D8F-4706-E753-C843935E2D41}"
EndProject
Project("{FAE04EC0-301F-11D3-BF4B-00C04F79EFBC}") = "UnityEngine.UI", "UnityEngine.UI.Player.csproj", "{C1DE16F1-1447-B8E2-BEEF-E13688FA6745}"
EndProject
Project("{FAE04EC0-301F-11D3-BF4B-00C04F79EFBC}") = "Unity.Timeline", "Unity.Timeline.Player.csproj", "{53614295-E30F-8C50-0B75-FFA7D7662DFE}"
EndProject
Project("{FAE04EC0-301F-11D3-BF4B-00C04F79EFBC}") = "Unity.ProBuilder", "Unity.ProBuilder.Player.csproj", "{9AD73EBF-10A5-4A47-ACF0-44C38E36AE60}"
EndProject
Project("{FAE04EC0-301F-11D3-BF4B-00C04F79EFBC}") = "Unity.Postprocessing.Runtime", "Unity.Postprocessing.Runtime.Player.csproj", "{1BF9100D-677B-25AC-F318-31A7DED46254}"
EndProject
Project("{FAE04EC0-301F-11D3-BF4B-00C04F79EFBC}") = "Cinemachine", "Cinemachine.Player.csproj", "{63919341-AFF1-1E3D-178A-3F0B025881E4}"
EndProject
Project("{FAE04EC0-301F-11D3-BF4B-00C04F79EFBC}") = "Unity.TextMeshPro", "Unity.TextMeshPro.Player.csproj", "{503C16B5-52C3-2F30-EF25-D2B42E8FC068}"
EndProject
Project("{FAE04EC0-301F-11D3-BF4B-00C04F79EFBC}") = "Unity.ProBuilder.Poly2Tri", "Unity.ProBuilder.Poly2Tri.Player.csproj", "{B8FE764C-92CD-0A27-59E3-0ED370D53E75}"
EndProject
Project("{FAE04EC0-301F-11D3-BF4B-00C04F79EFBC}") = "Boxophobic.Utils.Scripts", "Boxophobic.Utils.Scripts.Player.csproj", "{21F14649-6E4E-4C19-18B4-C051FCFEC8A8}"
EndProject
Project("{FAE04EC0-301F-11D3-BF4B-00C04F79EFBC}") = "Assembly-CSharp", "Assembly-CSharp.Player.csproj", "{4DB3FFF7-A534-48B1-B64A-12EFBAF80F59}"
EndProject
Project("{FAE04EC0-301F-11D3-BF4B-00C04F79EFBC}") = "Unity.ProGrids", "Unity.ProGrids.Player.csproj", "{7397AD0E-C933-E8E7-FB14-5AA2EABBE3B8}"
EndProject
Project("{FAE04EC0-301F-11D3-BF4B-00C04F79EFBC}") = "Unity.ProBuilder.Csg", "Unity.ProBuilder.Csg.Player.csproj", "{9346B4F3-8703-AF8A-414D-3EA015FD0880}"
EndProject
Project("{FAE04EC0-301F-11D3-BF4B-00C04F79EFBC}") = "Unity.ProBuilder.KdTree", "Unity.ProBuilder.KdTree.Player.csproj", "{AC714A2C-4D61-4821-37B2-0643A3C51DDB}"
EndProject
Project("{FAE04EC0-301F-11D3-BF4B-00C04F79EFBC}") = "Unity.ProBuilder.Stl", "Unity.ProBuilder.Stl.Player.csproj", "{D8895B3E-15B7-8558-8A38-A2AB97149A80}"
EndProject
Global
	GlobalSection(SolutionConfigurationPlatforms) = preSolution
		Debug|Any CPU = Debug|Any CPU
		Release|Any CPU = Release|Any CPU
	EndGlobalSection
	GlobalSection(ProjectConfigurationPlatforms) = postSolution
		{E14A51C1-8901-4021-7774-ABB452ECC132}.Debug|Any CPU.ActiveCfg = Debug|Any CPU
		{E14A51C1-8901-4021-7774-ABB452ECC132}.Debug|Any CPU.Build.0 = Debug|Any CPU
		{E14A51C1-8901-4021-7774-ABB452ECC132}.Release|Any CPU.ActiveCfg = Release|Any CPU
		{E14A51C1-8901-4021-7774-ABB452ECC132}.Release|Any CPU.Build.0 = Release|Any CPU
		{761919E9-8BED-17D9-F30C-BE8BF0EBA4FC}.Debug|Any CPU.ActiveCfg = Debug|Any CPU
		{761919E9-8BED-17D9-F30C-BE8BF0EBA4FC}.Debug|Any CPU.Build.0 = Debug|Any CPU
		{761919E9-8BED-17D9-F30C-BE8BF0EBA4FC}.Release|Any CPU.ActiveCfg = Release|Any CPU
		{761919E9-8BED-17D9-F30C-BE8BF0EBA4FC}.Release|Any CPU.Build.0 = Release|Any CPU
		{845982B0-C3CC-C347-F0AA-BA244557155B}.Debug|Any CPU.ActiveCfg = Debug|Any CPU
		{845982B0-C3CC-C347-F0AA-BA244557155B}.Debug|Any CPU.Build.0 = Debug|Any CPU
		{845982B0-C3CC-C347-F0AA-BA244557155B}.Release|Any CPU.ActiveCfg = Release|Any CPU
		{845982B0-C3CC-C347-F0AA-BA244557155B}.Release|Any CPU.Build.0 = Release|Any CPU
		{4F18EDB5-370C-2B43-60F4-66DFAB3C5D63}.Debug|Any CPU.ActiveCfg = Debug|Any CPU
		{4F18EDB5-370C-2B43-60F4-66DFAB3C5D63}.Debug|Any CPU.Build.0 = Debug|Any CPU
		{4F18EDB5-370C-2B43-60F4-66DFAB3C5D63}.Release|Any CPU.ActiveCfg = Release|Any CPU
		{4F18EDB5-370C-2B43-60F4-66DFAB3C5D63}.Release|Any CPU.Build.0 = Release|Any CPU
		{94961E41-2E85-01A3-0743-D2292D9C6021}.Debug|Any CPU.ActiveCfg = Debug|Any CPU
		{94961E41-2E85-01A3-0743-D2292D9C6021}.Debug|Any CPU.Build.0 = Debug|Any CPU
		{94961E41-2E85-01A3-0743-D2292D9C6021}.Release|Any CPU.ActiveCfg = Release|Any CPU
		{94961E41-2E85-01A3-0743-D2292D9C6021}.Release|Any CPU.Build.0 = Release|Any CPU
		{088C6595-7BE8-9253-4B03-3AE6EF287169}.Debug|Any CPU.ActiveCfg = Debug|Any CPU
		{088C6595-7BE8-9253-4B03-3AE6EF287169}.Debug|Any CPU.Build.0 = Debug|Any CPU
		{088C6595-7BE8-9253-4B03-3AE6EF287169}.Release|Any CPU.ActiveCfg = Release|Any CPU
		{088C6595-7BE8-9253-4B03-3AE6EF287169}.Release|Any CPU.Build.0 = Release|Any CPU
		{893CB89C-4C94-DF10-5B97-6884BF14B8E1}.Debug|Any CPU.ActiveCfg = Debug|Any CPU
		{893CB89C-4C94-DF10-5B97-6884BF14B8E1}.Debug|Any CPU.Build.0 = Debug|Any CPU
		{893CB89C-4C94-DF10-5B97-6884BF14B8E1}.Release|Any CPU.ActiveCfg = Release|Any CPU
		{893CB89C-4C94-DF10-5B97-6884BF14B8E1}.Release|Any CPU.Build.0 = Release|Any CPU
		{163CF5E2-64F9-F07E-086E-E865A308E102}.Debug|Any CPU.ActiveCfg = Debug|Any CPU
		{163CF5E2-64F9-F07E-086E-E865A308E102}.Debug|Any CPU.Build.0 = Debug|Any CPU
		{163CF5E2-64F9-F07E-086E-E865A308E102}.Release|Any CPU.ActiveCfg = Release|Any CPU
		{163CF5E2-64F9-F07E-086E-E865A308E102}.Release|Any CPU.Build.0 = Release|Any CPU
		{AA4C94A8-EF3A-3FD0-B0D7-034C855ED62D}.Debug|Any CPU.ActiveCfg = Debug|Any CPU
		{AA4C94A8-EF3A-3FD0-B0D7-034C855ED62D}.Debug|Any CPU.Build.0 = Debug|Any CPU
		{AA4C94A8-EF3A-3FD0-B0D7-034C855ED62D}.Release|Any CPU.ActiveCfg = Release|Any CPU
		{AA4C94A8-EF3A-3FD0-B0D7-034C855ED62D}.Release|Any CPU.Build.0 = Release|Any CPU
		{1825FF23-C239-C2CD-CE8E-A6614DCADBB4}.Debug|Any CPU.ActiveCfg = Debug|Any CPU
		{1825FF23-C239-C2CD-CE8E-A6614DCADBB4}.Debug|Any CPU.Build.0 = Debug|Any CPU
		{1825FF23-C239-C2CD-CE8E-A6614DCADBB4}.Release|Any CPU.ActiveCfg = Release|Any CPU
		{1825FF23-C239-C2CD-CE8E-A6614DCADBB4}.Release|Any CPU.Build.0 = Release|Any CPU
		{41E538EB-2510-B0F5-2392-113B64C2FF08}.Debug|Any CPU.ActiveCfg = Debug|Any CPU
		{41E538EB-2510-B0F5-2392-113B64C2FF08}.Debug|Any CPU.Build.0 = Debug|Any CPU
		{41E538EB-2510-B0F5-2392-113B64C2FF08}.Release|Any CPU.ActiveCfg = Release|Any CPU
		{41E538EB-2510-B0F5-2392-113B64C2FF08}.Release|Any CPU.Build.0 = Release|Any CPU
		{AF31E297-CBE8-C9A8-DC7D-B155A7AD4EC7}.Debug|Any CPU.ActiveCfg = Debug|Any CPU
		{AF31E297-CBE8-C9A8-DC7D-B155A7AD4EC7}.Debug|Any CPU.Build.0 = Debug|Any CPU
		{AF31E297-CBE8-C9A8-DC7D-B155A7AD4EC7}.Release|Any CPU.ActiveCfg = Release|Any CPU
		{AF31E297-CBE8-C9A8-DC7D-B155A7AD4EC7}.Release|Any CPU.Build.0 = Release|Any CPU
		{2044444C-63A4-78B1-5A5F-2B028E838DBD}.Debug|Any CPU.ActiveCfg = Debug|Any CPU
		{2044444C-63A4-78B1-5A5F-2B028E838DBD}.Debug|Any CPU.Build.0 = Debug|Any CPU
		{2044444C-63A4-78B1-5A5F-2B028E838DBD}.Release|Any CPU.ActiveCfg = Release|Any CPU
		{2044444C-63A4-78B1-5A5F-2B028E838DBD}.Release|Any CPU.Build.0 = Release|Any CPU
		{DFFFC20C-1806-9497-7120-CC6305A0C504}.Debug|Any CPU.ActiveCfg = Debug|Any CPU
		{DFFFC20C-1806-9497-7120-CC6305A0C504}.Debug|Any CPU.Build.0 = Debug|Any CPU
		{DFFFC20C-1806-9497-7120-CC6305A0C504}.Release|Any CPU.ActiveCfg = Release|Any CPU
		{DFFFC20C-1806-9497-7120-CC6305A0C504}.Release|Any CPU.Build.0 = Release|Any CPU
		{C42AC8B1-B08D-DC3E-7FB5-6BEF74E04759}.Debug|Any CPU.ActiveCfg = Debug|Any CPU
		{C42AC8B1-B08D-DC3E-7FB5-6BEF74E04759}.Debug|Any CPU.Build.0 = Debug|Any CPU
		{C42AC8B1-B08D-DC3E-7FB5-6BEF74E04759}.Release|Any CPU.ActiveCfg = Release|Any CPU
		{C42AC8B1-B08D-DC3E-7FB5-6BEF74E04759}.Release|Any CPU.Build.0 = Release|Any CPU
		{F91B1974-164C-3553-87C1-36FF1620F59A}.Debug|Any CPU.ActiveCfg = Debug|Any CPU
		{F91B1974-164C-3553-87C1-36FF1620F59A}.Debug|Any CPU.Build.0 = Debug|Any CPU
		{F91B1974-164C-3553-87C1-36FF1620F59A}.Release|Any CPU.ActiveCfg = Release|Any CPU
		{F91B1974-164C-3553-87C1-36FF1620F59A}.Release|Any CPU.Build.0 = Release|Any CPU
		{EE334231-1E55-F06D-6847-B07F90A848AC}.Debug|Any CPU.ActiveCfg = Debug|Any CPU
		{EE334231-1E55-F06D-6847-B07F90A848AC}.Debug|Any CPU.Build.0 = Debug|Any CPU
		{EE334231-1E55-F06D-6847-B07F90A848AC}.Release|Any CPU.ActiveCfg = Release|Any CPU
		{EE334231-1E55-F06D-6847-B07F90A848AC}.Release|Any CPU.Build.0 = Release|Any CPU
		{5ED70231-B35F-1D82-E02D-524F04BC660E}.Debug|Any CPU.ActiveCfg = Debug|Any CPU
		{5ED70231-B35F-1D82-E02D-524F04BC660E}.Debug|Any CPU.Build.0 = Debug|Any CPU
		{5ED70231-B35F-1D82-E02D-524F04BC660E}.Release|Any CPU.ActiveCfg = Release|Any CPU
		{5ED70231-B35F-1D82-E02D-524F04BC660E}.Release|Any CPU.Build.0 = Release|Any CPU
		{4E90C2E0-8E19-6605-B227-6675DF0EAEC8}.Debug|Any CPU.ActiveCfg = Debug|Any CPU
		{4E90C2E0-8E19-6605-B227-6675DF0EAEC8}.Debug|Any CPU.Build.0 = Debug|Any CPU
		{4E90C2E0-8E19-6605-B227-6675DF0EAEC8}.Release|Any CPU.ActiveCfg = Release|Any CPU
		{4E90C2E0-8E19-6605-B227-6675DF0EAEC8}.Release|Any CPU.Build.0 = Release|Any CPU
		{60EF4B04-B47A-3D8C-97DB-27264B2261E0}.Debug|Any CPU.ActiveCfg = Debug|Any CPU
		{60EF4B04-B47A-3D8C-97DB-27264B2261E0}.Debug|Any CPU.Build.0 = Debug|Any CPU
		{60EF4B04-B47A-3D8C-97DB-27264B2261E0}.Release|Any CPU.ActiveCfg = Release|Any CPU
		{60EF4B04-B47A-3D8C-97DB-27264B2261E0}.Release|Any CPU.Build.0 = Release|Any CPU
		{A88A47F5-CD18-0BC1-D145-DD2A1B844DEE}.Debug|Any CPU.ActiveCfg = Debug|Any CPU
		{A88A47F5-CD18-0BC1-D145-DD2A1B844DEE}.Debug|Any CPU.Build.0 = Debug|Any CPU
		{A88A47F5-CD18-0BC1-D145-DD2A1B844DEE}.Release|Any CPU.ActiveCfg = Release|Any CPU
		{A88A47F5-CD18-0BC1-D145-DD2A1B844DEE}.Release|Any CPU.Build.0 = Release|Any CPU
		{624C7033-AD04-9708-B595-5B1751949B67}.Debug|Any CPU.ActiveCfg = Debug|Any CPU
		{624C7033-AD04-9708-B595-5B1751949B67}.Debug|Any CPU.Build.0 = Debug|Any CPU
		{624C7033-AD04-9708-B595-5B1751949B67}.Release|Any CPU.ActiveCfg = Release|Any CPU
		{624C7033-AD04-9708-B595-5B1751949B67}.Release|Any CPU.Build.0 = Release|Any CPU
		{4ABB3538-C73E-1C5A-FB8E-E20014441987}.Debug|Any CPU.ActiveCfg = Debug|Any CPU
		{4ABB3538-C73E-1C5A-FB8E-E20014441987}.Debug|Any CPU.Build.0 = Debug|Any CPU
		{4ABB3538-C73E-1C5A-FB8E-E20014441987}.Release|Any CPU.ActiveCfg = Release|Any CPU
		{4ABB3538-C73E-1C5A-FB8E-E20014441987}.Release|Any CPU.Build.0 = Release|Any CPU
		{540F2DD4-7CFE-0A24-1D38-42F691497FE1}.Debug|Any CPU.ActiveCfg = Debug|Any CPU
		{540F2DD4-7CFE-0A24-1D38-42F691497FE1}.Debug|Any CPU.Build.0 = Debug|Any CPU
		{540F2DD4-7CFE-0A24-1D38-42F691497FE1}.Release|Any CPU.ActiveCfg = Release|Any CPU
		{540F2DD4-7CFE-0A24-1D38-42F691497FE1}.Release|Any CPU.Build.0 = Release|Any CPU
		{66D3D7EC-EA4D-2C04-78BD-26A7F77D9BF2}.Debug|Any CPU.ActiveCfg = Debug|Any CPU
		{66D3D7EC-EA4D-2C04-78BD-26A7F77D9BF2}.Debug|Any CPU.Build.0 = Debug|Any CPU
		{66D3D7EC-EA4D-2C04-78BD-26A7F77D9BF2}.Release|Any CPU.ActiveCfg = Release|Any CPU
		{66D3D7EC-EA4D-2C04-78BD-26A7F77D9BF2}.Release|Any CPU.Build.0 = Release|Any CPU
		{A615B719-3C30-276F-C4B3-91678148BA7E}.Debug|Any CPU.ActiveCfg = Debug|Any CPU
		{A615B719-3C30-276F-C4B3-91678148BA7E}.Debug|Any CPU.Build.0 = Debug|Any CPU
		{A615B719-3C30-276F-C4B3-91678148BA7E}.Release|Any CPU.ActiveCfg = Release|Any CPU
		{A615B719-3C30-276F-C4B3-91678148BA7E}.Release|Any CPU.Build.0 = Release|Any CPU
		{A614442D-0FC8-8B97-A5DF-37D06C387175}.Debug|Any CPU.ActiveCfg = Debug|Any CPU
		{A614442D-0FC8-8B97-A5DF-37D06C387175}.Debug|Any CPU.Build.0 = Debug|Any CPU
		{A614442D-0FC8-8B97-A5DF-37D06C387175}.Release|Any CPU.ActiveCfg = Release|Any CPU
		{A614442D-0FC8-8B97-A5DF-37D06C387175}.Release|Any CPU.Build.0 = Release|Any CPU
		{D43480EA-BBE0-906D-CE70-61C3F430D22A}.Debug|Any CPU.ActiveCfg = Debug|Any CPU
		{D43480EA-BBE0-906D-CE70-61C3F430D22A}.Debug|Any CPU.Build.0 = Debug|Any CPU
		{D43480EA-BBE0-906D-CE70-61C3F430D22A}.Release|Any CPU.ActiveCfg = Release|Any CPU
		{D43480EA-BBE0-906D-CE70-61C3F430D22A}.Release|Any CPU.Build.0 = Release|Any CPU
		{FF516BE2-C706-38DE-7BB4-67ED12C13CCA}.Debug|Any CPU.ActiveCfg = Debug|Any CPU
		{FF516BE2-C706-38DE-7BB4-67ED12C13CCA}.Debug|Any CPU.Build.0 = Debug|Any CPU
		{FF516BE2-C706-38DE-7BB4-67ED12C13CCA}.Release|Any CPU.ActiveCfg = Release|Any CPU
		{FF516BE2-C706-38DE-7BB4-67ED12C13CCA}.Release|Any CPU.Build.0 = Release|Any CPU
		{3A450D2F-3DC6-8573-73C6-138860679F95}.Debug|Any CPU.ActiveCfg = Debug|Any CPU
		{3A450D2F-3DC6-8573-73C6-138860679F95}.Debug|Any CPU.Build.0 = Debug|Any CPU
		{3A450D2F-3DC6-8573-73C6-138860679F95}.Release|Any CPU.ActiveCfg = Release|Any CPU
		{3A450D2F-3DC6-8573-73C6-138860679F95}.Release|Any CPU.Build.0 = Release|Any CPU
		{040E5209-BB4F-0949-CE6A-739027792F49}.Debug|Any CPU.ActiveCfg = Debug|Any CPU
		{040E5209-BB4F-0949-CE6A-739027792F49}.Debug|Any CPU.Build.0 = Debug|Any CPU
		{040E5209-BB4F-0949-CE6A-739027792F49}.Release|Any CPU.ActiveCfg = Release|Any CPU
		{040E5209-BB4F-0949-CE6A-739027792F49}.Release|Any CPU.Build.0 = Release|Any CPU
		{9553F22C-58AB-E9C5-7DBB-0C4AEC57E755}.Debug|Any CPU.ActiveCfg = Debug|Any CPU
		{9553F22C-58AB-E9C5-7DBB-0C4AEC57E755}.Debug|Any CPU.Build.0 = Debug|Any CPU
		{9553F22C-58AB-E9C5-7DBB-0C4AEC57E755}.Release|Any CPU.ActiveCfg = Release|Any CPU
		{9553F22C-58AB-E9C5-7DBB-0C4AEC57E755}.Release|Any CPU.Build.0 = Release|Any CPU
		{929A03FC-9D8F-4706-E753-C843935E2D41}.Debug|Any CPU.ActiveCfg = Debug|Any CPU
		{929A03FC-9D8F-4706-E753-C843935E2D41}.Debug|Any CPU.Build.0 = Debug|Any CPU
		{929A03FC-9D8F-4706-E753-C843935E2D41}.Release|Any CPU.ActiveCfg = Release|Any CPU
		{929A03FC-9D8F-4706-E753-C843935E2D41}.Release|Any CPU.Build.0 = Release|Any CPU
		{C1DE16F1-1447-B8E2-BEEF-E13688FA6745}.Debug|Any CPU.ActiveCfg = Debug|Any CPU
		{C1DE16F1-1447-B8E2-BEEF-E13688FA6745}.Debug|Any CPU.Build.0 = Debug|Any CPU
		{C1DE16F1-1447-B8E2-BEEF-E13688FA6745}.Release|Any CPU.ActiveCfg = Release|Any CPU
		{C1DE16F1-1447-B8E2-BEEF-E13688FA6745}.Release|Any CPU.Build.0 = Release|Any CPU
		{53614295-E30F-8C50-0B75-FFA7D7662DFE}.Debug|Any CPU.ActiveCfg = Debug|Any CPU
		{53614295-E30F-8C50-0B75-FFA7D7662DFE}.Debug|Any CPU.Build.0 = Debug|Any CPU
		{53614295-E30F-8C50-0B75-FFA7D7662DFE}.Release|Any CPU.ActiveCfg = Release|Any CPU
		{53614295-E30F-8C50-0B75-FFA7D7662DFE}.Release|Any CPU.Build.0 = Release|Any CPU
		{9AD73EBF-10A5-4A47-ACF0-44C38E36AE60}.Debug|Any CPU.ActiveCfg = Debug|Any CPU
		{9AD73EBF-10A5-4A47-ACF0-44C38E36AE60}.Debug|Any CPU.Build.0 = Debug|Any CPU
		{9AD73EBF-10A5-4A47-ACF0-44C38E36AE60}.Release|Any CPU.ActiveCfg = Release|Any CPU
		{9AD73EBF-10A5-4A47-ACF0-44C38E36AE60}.Release|Any CPU.Build.0 = Release|Any CPU
		{1BF9100D-677B-25AC-F318-31A7DED46254}.Debug|Any CPU.ActiveCfg = Debug|Any CPU
		{1BF9100D-677B-25AC-F318-31A7DED46254}.Debug|Any CPU.Build.0 = Debug|Any CPU
		{1BF9100D-677B-25AC-F318-31A7DED46254}.Release|Any CPU.ActiveCfg = Release|Any CPU
		{1BF9100D-677B-25AC-F318-31A7DED46254}.Release|Any CPU.Build.0 = Release|Any CPU
		{63919341-AFF1-1E3D-178A-3F0B025881E4}.Debug|Any CPU.ActiveCfg = Debug|Any CPU
		{63919341-AFF1-1E3D-178A-3F0B025881E4}.Debug|Any CPU.Build.0 = Debug|Any CPU
		{63919341-AFF1-1E3D-178A-3F0B025881E4}.Release|Any CPU.ActiveCfg = Release|Any CPU
		{63919341-AFF1-1E3D-178A-3F0B025881E4}.Release|Any CPU.Build.0 = Release|Any CPU
		{503C16B5-52C3-2F30-EF25-D2B42E8FC068}.Debug|Any CPU.ActiveCfg = Debug|Any CPU
		{503C16B5-52C3-2F30-EF25-D2B42E8FC068}.Debug|Any CPU.Build.0 = Debug|Any CPU
		{503C16B5-52C3-2F30-EF25-D2B42E8FC068}.Release|Any CPU.ActiveCfg = Release|Any CPU
		{503C16B5-52C3-2F30-EF25-D2B42E8FC068}.Release|Any CPU.Build.0 = Release|Any CPU
		{B8FE764C-92CD-0A27-59E3-0ED370D53E75}.Debug|Any CPU.ActiveCfg = Debug|Any CPU
		{B8FE764C-92CD-0A27-59E3-0ED370D53E75}.Debug|Any CPU.Build.0 = Debug|Any CPU
		{B8FE764C-92CD-0A27-59E3-0ED370D53E75}.Release|Any CPU.ActiveCfg = Release|Any CPU
		{B8FE764C-92CD-0A27-59E3-0ED370D53E75}.Release|Any CPU.Build.0 = Release|Any CPU
		{21F14649-6E4E-4C19-18B4-C051FCFEC8A8}.Debug|Any CPU.ActiveCfg = Debug|Any CPU
		{21F14649-6E4E-4C19-18B4-C051FCFEC8A8}.Debug|Any CPU.Build.0 = Debug|Any CPU
		{21F14649-6E4E-4C19-18B4-C051FCFEC8A8}.Release|Any CPU.ActiveCfg = Release|Any CPU
		{21F14649-6E4E-4C19-18B4-C051FCFEC8A8}.Release|Any CPU.Build.0 = Release|Any CPU
		{4DB3FFF7-A534-48B1-B64A-12EFBAF80F59}.Debug|Any CPU.ActiveCfg = Debug|Any CPU
		{4DB3FFF7-A534-48B1-B64A-12EFBAF80F59}.Debug|Any CPU.Build.0 = Debug|Any CPU
		{4DB3FFF7-A534-48B1-B64A-12EFBAF80F59}.Release|Any CPU.ActiveCfg = Release|Any CPU
		{4DB3FFF7-A534-48B1-B64A-12EFBAF80F59}.Release|Any CPU.Build.0 = Release|Any CPU
		{7397AD0E-C933-E8E7-FB14-5AA2EABBE3B8}.Debug|Any CPU.ActiveCfg = Debug|Any CPU
		{7397AD0E-C933-E8E7-FB14-5AA2EABBE3B8}.Debug|Any CPU.Build.0 = Debug|Any CPU
		{7397AD0E-C933-E8E7-FB14-5AA2EABBE3B8}.Release|Any CPU.ActiveCfg = Release|Any CPU
		{7397AD0E-C933-E8E7-FB14-5AA2EABBE3B8}.Release|Any CPU.Build.0 = Release|Any CPU
		{9346B4F3-8703-AF8A-414D-3EA015FD0880}.Debug|Any CPU.ActiveCfg = Debug|Any CPU
		{9346B4F3-8703-AF8A-414D-3EA015FD0880}.Debug|Any CPU.Build.0 = Debug|Any CPU
		{9346B4F3-8703-AF8A-414D-3EA015FD0880}.Release|Any CPU.ActiveCfg = Release|Any CPU
		{9346B4F3-8703-AF8A-414D-3EA015FD0880}.Release|Any CPU.Build.0 = Release|Any CPU
		{AC714A2C-4D61-4821-37B2-0643A3C51DDB}.Debug|Any CPU.ActiveCfg = Debug|Any CPU
		{AC714A2C-4D61-4821-37B2-0643A3C51DDB}.Debug|Any CPU.Build.0 = Debug|Any CPU
		{AC714A2C-4D61-4821-37B2-0643A3C51DDB}.Release|Any CPU.ActiveCfg = Release|Any CPU
		{AC714A2C-4D61-4821-37B2-0643A3C51DDB}.Release|Any CPU.Build.0 = Release|Any CPU
		{D8895B3E-15B7-8558-8A38-A2AB97149A80}.Debug|Any CPU.ActiveCfg = Debug|Any CPU
		{D8895B3E-15B7-8558-8A38-A2AB97149A80}.Debug|Any CPU.Build.0 = Debug|Any CPU
		{D8895B3E-15B7-8558-8A38-A2AB97149A80}.Release|Any CPU.ActiveCfg = Release|Any CPU
		{D8895B3E-15B7-8558-8A38-A2AB97149A80}.Release|Any CPU.Build.0 = Release|Any CPU
	EndGlobalSection
	GlobalSection(SolutionProperties) = preSolution
		HideSolutionNode = FALSE
	EndGlobalSection
EndGlobal
